Microsoft Visual Studio Solution File, Format Version 12.00
# Visual Studio Version 17
VisualStudioVersion = 17.5.2.0
MinimumVisualStudioVersion = 10.0.40219.1
Project("{FAE04EC0-301F-11D3-BF4B-00C04F79EFBC}") = "Tutorial", "Tutorial.csproj", "{88B6B4B7-F68E-1E12-A0C3-308B1D840FD7}"
EndProject
Global
	GlobalSection(SolutionConfigurationPlatforms) = preSolution
		Debug|Any CPU = Debug|Any CPU
		Release|Any CPU = Release|Any CPU
	EndGlobalSection
	GlobalSection(ProjectConfigurationPlatforms) = postSolution
		{88B6B4B7-F68E-1E12-A0C3-308B1D840FD7}.Debug|Any CPU.ActiveCfg = Debug|Any CPU
		{88B6B4B7-F68E-1E12-A0C3-308B1D840FD7}.Debug|Any CPU.Build.0 = Debug|Any CPU
		{88B6B4B7-F68E-1E12-A0C3-308B1D840FD7}.Release|Any CPU.ActiveCfg = Release|Any CPU
		{88B6B4B7-F68E-1E12-A0C3-308B1D840FD7}.Release|Any CPU.Build.0 = Release|Any CPU
	EndGlobalSection
	GlobalSection(SolutionProperties) = preSolution
		HideSolutionNode = FALSE
	EndGlobalSection
	GlobalSection(ExtensibilityGlobals) = postSolution
		SolutionGuid = {D8287549-B722-49B0-9B52-FE970FD232B7}
	EndGlobalSection
EndGlobal
